Microsoft Visual Studio Solution File, Format Version 12.00
# Visual Studio 2012
Project("{FAE04EC0-301F-11D3-BF4B-00C04F79EFBC}") = "TheInsurgentFiles", "TheInsurgentFiles.csproj", "{DDDEBEF9-83B4-4BC2-A3F3-3FC70433545C}"
EndProject
Global
	GlobalSection(SolutionConfigurationPlatforms) = preSolution
	Debug|Any CPU = Debug|Any CPU
	ExportDebug|Any CPU = ExportDebug|Any CPU
	ExportRelease|Any CPU = ExportRelease|Any CPU
	EndGlobalSection
	GlobalSection(ProjectConfigurationPlatforms) = postSolution
		{DDDEBEF9-83B4-4BC2-A3F3-3FC70433545C}.Debug|Any CPU.ActiveCfg = Debug|Any CPU
		{DDDEBEF9-83B4-4BC2-A3F3-3FC70433545C}.Debug|Any CPU.Build.0 = Debug|Any CPU
		{DDDEBEF9-83B4-4BC2-A3F3-3FC70433545C}.ExportDebug|Any CPU.ActiveCfg = ExportDebug|Any CPU
		{DDDEBEF9-83B4-4BC2-A3F3-3FC70433545C}.ExportDebug|Any CPU.Build.0 = ExportDebug|Any CPU
		{DDDEBEF9-83B4-4BC2-A3F3-3FC70433545C}.ExportRelease|Any CPU.ActiveCfg = ExportRelease|Any CPU
		{DDDEBEF9-83B4-4BC2-A3F3-3FC70433545C}.ExportRelease|Any CPU.Build.0 = ExportRelease|Any CPU
	EndGlobalSection
EndGlobal
